
Microsoft Visual Studio Solution File, Format Version 12.00
# Visual Studio Version 17
VisualStudioVersion = 17.7.34024.191
MinimumVisualStudioVersion = 10.0.40219.1
Project("{FAE04EC0-301F-11D3-BF4B-00C04F79EFBC}") = "ShobhinsBookStore", "ShobhinsBookStore\ShobhinsBookStore.csproj", "{82DC380C-2CFF-4074-9EBD-DBAC033742EB}"
EndProject
Global
	GlobalSection(SolutionConfigurationPlatforms) = preSolution
		Debug|Any CPU = Debug|Any CPU
		Release|Any CPU = Release|Any CPU
	EndGlobalSection
	GlobalSection(ProjectConfigurationPlatforms) = postSolution
		{82DC380C-2CFF-4074-9EBD-DBAC033742EB}.Debug|Any CPU.ActiveCfg = Debug|Any CPU
		{82DC380C-2CFF-4074-9EBD-DBAC033742EB}.Debug|Any CPU.Build.0 = Debug|Any CPU
		{82DC380C-2CFF-4074-9EBD-DBAC033742EB}.Release|Any CPU.ActiveCfg = Release|Any CPU
		{82DC380C-2CFF-4074-9EBD-DBAC033742EB}.Release|Any CPU.Build.0 = Release|Any CPU
	EndGlobalSection
	GlobalSection(SolutionProperties) = preSolution
		HideSolutionNode = FALSE
	EndGlobalSection
	GlobalSection(ExtensibilityGlobals) = postSolution
		SolutionGuid = {2C14CCEC-4246-4122-BBD2-684C2FF4D99A}
	EndGlobalSection
EndGlobal
