
Microsoft Visual Studio Solution File, Format Version 12.00
# Visual Studio Version 17
VisualStudioVersion = 17.7.34024.191
MinimumVisualStudioVersion = 10.0.40219.1
Project("{FAE04EC0-301F-11D3-BF4B-00C04F79EFBC}") = "ShobhinsBookStore", "ShobhinsBookStore\ShobhinsBookStore.csproj", "{04D54106-ADC4-44B3-86CB-5C44E6D3768B}"
EndProject
Project("{FAE04EC0-301F-11D3-BF4B-00C04F79EFBC}") = "ShobhinsBooks.DataAccess", "ShobhinsBooks.DataAccess\ShobhinsBooks.DataAccess.csproj", "{D2382F1E-F553-41A9-BCB4-055527FF0F2E}"
EndProject
Project("{FAE04EC0-301F-11D3-BF4B-00C04F79EFBC}") = "ShobhinsBooks.Models", "ShobhinsBooks.Models\ShobhinsBooks.Models.csproj", "{E4CD9E19-4B67-4FAE-BC05-B7D1C2AEEC7C}"
EndProject
Project("{FAE04EC0-301F-11D3-BF4B-00C04F79EFBC}") = "ShobhinsBooks.Utility", "ShobhinsBooks.Utility\ShobhinsBooks.Utility.csproj", "{A6D101F7-67AD-42B7-B704-FD7A8E01EAE4}"
EndProject
Global
	GlobalSection(SolutionConfigurationPlatforms) = preSolution
		Debug|Any CPU = Debug|Any CPU
		Release|Any CPU = Release|Any CPU
	EndGlobalSection
	GlobalSection(ProjectConfigurationPlatforms) = postSolution
		{04D54106-ADC4-44B3-86CB-5C44E6D3768B}.Debug|Any CPU.ActiveCfg = Debug|Any CPU
		{04D54106-ADC4-44B3-86CB-5C44E6D3768B}.Debug|Any CPU.Build.0 = Debug|Any CPU
		{04D54106-ADC4-44B3-86CB-5C44E6D3768B}.Release|Any CPU.ActiveCfg = Release|Any CPU
		{04D54106-ADC4-44B3-86CB-5C44E6D3768B}.Release|Any CPU.Build.0 = Release|Any CPU
		{D2382F1E-F553-41A9-BCB4-055527FF0F2E}.Debug|Any CPU.ActiveCfg = Debug|Any CPU
		{D2382F1E-F553-41A9-BCB4-055527FF0F2E}.Debug|Any CPU.Build.0 = Debug|Any CPU
		{D2382F1E-F553-41A9-BCB4-055527FF0F2E}.Release|Any CPU.ActiveCfg = Release|Any CPU
		{D2382F1E-F553-41A9-BCB4-055527FF0F2E}.Release|Any CPU.Build.0 = Release|Any CPU
		{E4CD9E19-4B67-4FAE-BC05-B7D1C2AEEC7C}.Debug|Any CPU.ActiveCfg = Debug|Any CPU
		{E4CD9E19-4B67-4FAE-BC05-B7D1C2AEEC7C}.Debug|Any CPU.Build.0 = Debug|Any CPU
		{E4CD9E19-4B67-4FAE-BC05-B7D1C2AEEC7C}.Release|Any CPU.ActiveCfg = Release|Any CPU
		{E4CD9E19-4B67-4FAE-BC05-B7D1C2AEEC7C}.Release|Any CPU.Build.0 = Release|Any CPU
		{A6D101F7-67AD-42B7-B704-FD7A8E01EAE4}.Debug|Any CPU.ActiveCfg = Debug|Any CPU
		{A6D101F7-67AD-42B7-B704-FD7A8E01EAE4}.Debug|Any CPU.Build.0 = Debug|Any CPU
		{A6D101F7-67AD-42B7-B704-FD7A8E01EAE4}.Release|Any CPU.ActiveCfg = Release|Any CPU
		{A6D101F7-67AD-42B7-B704-FD7A8E01EAE4}.Release|Any CPU.Build.0 = Release|Any CPU
	EndGlobalSection
	GlobalSection(SolutionProperties) = preSolution
		HideSolutionNode = FALSE
	EndGlobalSection
	GlobalSection(ExtensibilityGlobals) = postSolution
		SolutionGuid = {7387A1BA-4877-4492-8166-215D085D1CBC}
	EndGlobalSection
EndGlobal
